
Microsoft Visual Studio Solution File, Format Version 12.00
# Visual Studio 15
VisualStudioVersion = 15.0.28010.2026
MinimumVisualStudioVersion = 10.0.40219.1
Project("{FAE04EC0-301F-11D3-BF4B-00C04F79EFBC}") = "WordFinder", "WordFinder\WordFinder.csproj", "{789ECC1C-91DD-4026-B220-175E70E60B49}"
EndProject
Project("{FAE04EC0-301F-11D3-BF4B-00C04F79EFBC}") = "WordFinder.Test", "WordFinder.Test\WordFinder.Test.csproj", "{3D87C5E4-DEDF-418F-9ED2-5C7F37516850}"
EndProject
Global
	GlobalSection(SolutionConfigurationPlatforms) = preSolution
		Debug|Any CPU = Debug|Any CPU
		Release|Any CPU = Release|Any CPU
	EndGlobalSection
	GlobalSection(ProjectConfigurationPlatforms) = postSolution
		{789ECC1C-91DD-4026-B220-175E70E60B49}.Debug|Any CPU.ActiveCfg = Debug|Any CPU
		{789ECC1C-91DD-4026-B220-175E70E60B49}.Debug|Any CPU.Build.0 = Debug|Any CPU
		{789ECC1C-91DD-4026-B220-175E70E60B49}.Release|Any CPU.ActiveCfg = Release|Any CPU
		{789ECC1C-91DD-4026-B220-175E70E60B49}.Release|Any CPU.Build.0 = Release|Any CPU
		{3D87C5E4-DEDF-418F-9ED2-5C7F37516850}.Debug|Any CPU.ActiveCfg = Debug|Any CPU
		{3D87C5E4-DEDF-418F-9ED2-5C7F37516850}.Debug|Any CPU.Build.0 = Debug|Any CPU
		{3D87C5E4-DEDF-418F-9ED2-5C7F37516850}.Release|Any CPU.ActiveCfg = Release|Any CPU
		{3D87C5E4-DEDF-418F-9ED2-5C7F37516850}.Release|Any CPU.Build.0 = Release|Any CPU
	EndGlobalSection
	GlobalSection(SolutionProperties) = preSolution
		HideSolutionNode = FALSE
	EndGlobalSection
	GlobalSection(ExtensibilityGlobals) = postSolution
		SolutionGuid = {45FEC7C2-FD6B-422C-BE85-9D5FECC5529E}
	EndGlobalSection
EndGlobal
